PODS:
  - Flutter (1.0.0)
  - MBProgressHUD (1.2.0)
  - scan_flutter_ios (0.0.5):
    - Flutter
    - MBProgressHUD (= 1.2.0)
    - SGQRCode (= 3.0.1)
  - SGQRCode (3.0.1)

DEPENDENCIES:
  - Flutter (from `Flutter`)
  - scan_flutter_ios (from `.symlinks/plugins/scan_flutter_ios/ios`)

SPEC REPOS:
  trunk:
    - MBProgressHUD
    - SGQRCode

EXTERNAL SOURCES:
  Flutter:
    :path: Flutter
  scan_flutter_ios:
    :path: ".symlinks/plugins/scan_flutter_ios/ios"

SPEC CHECKSUMS:
  Flutter: 0e3d915762c693b495b44d77113d4970485de6ec
  MBProgressHUD: 3ee5efcc380f6a79a7cc9b363dd669c5e1ae7406
  scan_flutter_ios: e0756cfa07d3dcb1acdd15d465e7fc8ddd587da0
  SGQRCode: bf02d60e18d6660a9d75ff1c8b9b467f064f054e

PODFILE CHECKSUM: 4eb9825178ac52361ae0ccf0356343050aed8af5

COCOAPODS: 1.9.3
